github.com/klauspost/compress v1.18.0 h1:c/Cqfb0r+Yi+JtIEq73FWXVkRonBlf0CRNYc8Zttxdo=
github.com/klauspost/compress v1.18.0/go.mod h1:2Pp+KzxcywXVXMr50+X0Q/Lsb43OQHYWRCY2AiWywWQ=
github.com/minio/pkg v1.7.5 h1:UOUJjewE5zoaDPlCMJtNx/swc1jT1ZR+IajT7hrLd44=
github.com/minio/pkg v1.7.5/go.mod h1:mEfGMTm5Z0b5EGxKNuPwyb5A2d+CC/VlUyRj6RJtIwo=
